
Microsoft Visual Studio Solution File, Format Version 12.00
# Visual Studio Version 17
VisualStudioVersion = 17.13.35828.75 d17.13
MinimumVisualStudioVersion = 10.0.40219.1
Project("{FAE04EC0-301F-11D3-BF4B-00C04F79EFBC}") = "Exercicio01", "ListaExercicios\Exercicio01.csproj", "{E7E2C18B-82F3-402F-8533-BAB8E57F3420}"
EndProject
Project("{FAE04EC0-301F-11D3-BF4B-00C04F79EFBC}") = "Exercício02", "Exercício02\Exercício02.csproj", "{8ACF90E2-C8DC-4054-92E6-304C1CC690A7}"
EndProject
Project("{FAE04EC0-301F-11D3-BF4B-00C04F79EFBC}") = "Exercício03", "Exercício03\Exercício03.csproj", "{B3509A6B-CC6E-409F-B0E4-9628FD157477}"
EndProject
Project("{FAE04EC0-301F-11D3-BF4B-00C04F79EFBC}") = "Exercício04", "Exercício04\Exercício04.csproj", "{A5A5B69B-C9D3-4315-A819-76E53756163E}"
EndProject
Project("{FAE04EC0-301F-11D3-BF4B-00C04F79EFBC}") = "Exercício05", "Exercício05\Exercício05.csproj", "{50CA6E02-1405-46CC-97DD-EB237E1ADF7B}"
EndProject
Project("{FAE04EC0-301F-11D3-BF4B-00C04F79EFBC}") = "Exercício06", "Exercício06\Exercício06.csproj", "{9EA235D0-D701-4195-A642-495BEA57A602}"
EndProject
Project("{FAE04EC0-301F-11D3-BF4B-00C04F79EFBC}") = "Exercicio07", "Exercicio07\Exercicio07.csproj", "{C42F604D-A2B6-4186-9655-79727DFAE9CC}"
EndProject
Project("{FAE04EC0-301F-11D3-BF4B-00C04F79EFBC}") = "Exercício08", "Exercício08\Exercício08.csproj", "{FCB77679-CA9A-4326-B8D3-17BF1B483451}"
EndProject
Global
	GlobalSection(SolutionConfigurationPlatforms) = preSolution
		Debug|Any CPU = Debug|Any CPU
		Release|Any CPU = Release|Any CPU
	EndGlobalSection
	GlobalSection(ProjectConfigurationPlatforms) = postSolution
		{E7E2C18B-82F3-402F-8533-BAB8E57F3420}.Debug|Any CPU.ActiveCfg = Debug|Any CPU
		{E7E2C18B-82F3-402F-8533-BAB8E57F3420}.Debug|Any CPU.Build.0 = Debug|Any CPU
		{E7E2C18B-82F3-402F-8533-BAB8E57F3420}.Release|Any CPU.ActiveCfg = Release|Any CPU
		{E7E2C18B-82F3-402F-8533-BAB8E57F3420}.Release|Any CPU.Build.0 = Release|Any CPU
		{8ACF90E2-C8DC-4054-92E6-304C1CC690A7}.Debug|Any CPU.ActiveCfg = Debug|Any CPU
		{8ACF90E2-C8DC-4054-92E6-304C1CC690A7}.Debug|Any CPU.Build.0 = Debug|Any CPU
		{8ACF90E2-C8DC-4054-92E6-304C1CC690A7}.Release|Any CPU.ActiveCfg = Release|Any CPU
		{8ACF90E2-C8DC-4054-92E6-304C1CC690A7}.Release|Any CPU.Build.0 = Release|Any CPU
		{B3509A6B-CC6E-409F-B0E4-9628FD157477}.Debug|Any CPU.ActiveCfg = Debug|Any CPU
		{B3509A6B-CC6E-409F-B0E4-9628FD157477}.Debug|Any CPU.Build.0 = Debug|Any CPU
		{B3509A6B-CC6E-409F-B0E4-9628FD157477}.Release|Any CPU.ActiveCfg = Release|Any CPU
		{B3509A6B-CC6E-409F-B0E4-9628FD157477}.Release|Any CPU.Build.0 = Release|Any CPU
		{A5A5B69B-C9D3-4315-A819-76E53756163E}.Debug|Any CPU.ActiveCfg = Debug|Any CPU
		{A5A5B69B-C9D3-4315-A819-76E53756163E}.Debug|Any CPU.Build.0 = Debug|Any CPU
		{A5A5B69B-C9D3-4315-A819-76E53756163E}.Release|Any CPU.ActiveCfg = Release|Any CPU
		{A5A5B69B-C9D3-4315-A819-76E53756163E}.Release|Any CPU.Build.0 = Release|Any CPU
		{50CA6E02-1405-46CC-97DD-EB237E1ADF7B}.Debug|Any CPU.ActiveCfg = Debug|Any CPU
		{50CA6E02-1405-46CC-97DD-EB237E1ADF7B}.Debug|Any CPU.Build.0 = Debug|Any CPU
		{50CA6E02-1405-46CC-97DD-EB237E1ADF7B}.Release|Any CPU.ActiveCfg = Release|Any CPU
		{50CA6E02-1405-46CC-97DD-EB237E1ADF7B}.Release|Any CPU.Build.0 = Release|Any CPU
		{9EA235D0-D701-4195-A642-495BEA57A602}.Debug|Any CPU.ActiveCfg = Debug|Any CPU
		{9EA235D0-D701-4195-A642-495BEA57A602}.Debug|Any CPU.Build.0 = Debug|Any CPU
		{9EA235D0-D701-4195-A642-495BEA57A602}.Release|Any CPU.ActiveCfg = Release|Any CPU
		{9EA235D0-D701-4195-A642-495BEA57A602}.Release|Any CPU.Build.0 = Release|Any CPU
		{C42F604D-A2B6-4186-9655-79727DFAE9CC}.Debug|Any CPU.ActiveCfg = Debug|Any CPU
		{C42F604D-A2B6-4186-9655-79727DFAE9CC}.Debug|Any CPU.Build.0 = Debug|Any CPU
		{C42F604D-A2B6-4186-9655-79727DFAE9CC}.Release|Any CPU.ActiveCfg = Release|Any CPU
		{C42F604D-A2B6-4186-9655-79727DFAE9CC}.Release|Any CPU.Build.0 = Release|Any CPU
		{FCB77679-CA9A-4326-B8D3-17BF1B483451}.Debug|Any CPU.ActiveCfg = Debug|Any CPU
		{FCB77679-CA9A-4326-B8D3-17BF1B483451}.Debug|Any CPU.Build.0 = Debug|Any CPU
		{FCB77679-CA9A-4326-B8D3-17BF1B483451}.Release|Any CPU.ActiveCfg = Release|Any CPU
		{FCB77679-CA9A-4326-B8D3-17BF1B483451}.Release|Any CPU.Build.0 = Release|Any CPU
	EndGlobalSection
	GlobalSection(SolutionProperties) = preSolution
		HideSolutionNode = FALSE
	EndGlobalSection
	GlobalSection(ExtensibilityGlobals) = postSolution
		SolutionGuid = {A7EF1E3A-E9DC-48F6-A949-CB0382CE92EC}
	EndGlobalSection
EndGlobal
